
Microsoft Visual Studio Solution File, Format Version 12.00
# Visual Studio Version 17
VisualStudioVersion = 17.6.33927.249
MinimumVisualStudioVersion = 10.0.40219.1
Project("{9A19103F-16F7-4668-BE54-9A1E7A4F7556}") = "ServiceB", "src\ServiceB\ServiceB.csproj", "{429C1CC7-D1A0-419A-A92A-6A7B220CD948}"
EndProject
Global
	GlobalSection(SolutionConfigurationPlatforms) = preSolution
		Debug|Any CPU = Debug|Any CPU
		Release|Any CPU = Release|Any CPU
	EndGlobalSection
	GlobalSection(ProjectConfigurationPlatforms) = postSolution
		{429C1CC7-D1A0-419A-A92A-6A7B220CD948}.Debug|Any CPU.ActiveCfg = Debug|Any CPU
		{429C1CC7-D1A0-419A-A92A-6A7B220CD948}.Debug|Any CPU.Build.0 = Debug|Any CPU
		{429C1CC7-D1A0-419A-A92A-6A7B220CD948}.Release|Any CPU.ActiveCfg = Release|Any CPU
		{429C1CC7-D1A0-419A-A92A-6A7B220CD948}.Release|Any CPU.Build.0 = Release|Any CPU
	EndGlobalSection
	GlobalSection(SolutionProperties) = preSolution
		HideSolutionNode = FALSE
	EndGlobalSection
	GlobalSection(ExtensibilityGlobals) = postSolution
		SolutionGuid = {B4D7384B-A2CD-4C0C-B2D9-D675A58C320E}
	EndGlobalSection
EndGlobal
